// !$*UTF8*$!
{
	archiveVersion = 1;
	classes = {
	};
	objectVersion = 77;
	objects = {

/* Begin PBXContainerItemProxy section */
		5A696EA72D5BE4E800DB8500 /* PBXContainerItemProxy */ = {
			isa = PBXContainerItemProxy;
			containerPortal = 5A696E882D5BE4E700DB8500 /* Project object */;
			proxyType = 1;
			remoteGlobalIDString = 5A696E8F2D5BE4E700DB8500;
			remoteInfo = MyAdventure;
		};
		5A696EB12D5BE4E800DB8500 /* PBXContainerItemProxy */ = {
			isa = PBXContainerItemProxy;
			containerPortal = 5A696E882D5BE4E700DB8500 /* Project object */;
			proxyType = 1;
			remoteGlobalIDString = 5A696E8F2D5BE4E700DB8500;
			remoteInfo = MyAdventure;
		};
/* End PBXContainerItemProxy section */

/* Begin PBXFileReference section */
		5A696E902D5BE4E700DB8500 /* MyAdventure.app */ = {isa = PBXFileReference; explicitFileType = wrapper.application; includeInIndex = 0; path = MyAdventure.app; sourceTree = BUILT_PRODUCTS_DIR; };
		5A696EA62D5BE4E800DB8500 /* MyAdventureTests.xctest */ = {isa = PBXFileReference; explicitFileType = wrapper.cfbundle; includeInIndex = 0; path = MyAdventureTests.xctest; sourceTree = BUILT_PRODUCTS_DIR; };
		5A696EB02D5BE4E800DB8500 /* MyAdventureUITests.xctest */ = {isa = PBXFileReference; explicitFileType = wrapper.cfbundle; includeInIndex = 0; path = MyAdventureUITests.xctest; sourceTree = BUILT_PRODUCTS_DIR; };
/* End PBXFileReference section */

/* Begin PBXFileSystemSynchronizedBuildFileExceptionSet section */
		5A696EB82D5BE4E800DB8500 /* Exceptions for "MyAdventure" folder in "MyAdventure" target */ = {
			isa = PBXFileSystemSynchronizedBuildFileExceptionSet;
			membershipExceptions = (
				Info.plist,
			);
			target = 5A696E8F2D5BE4E700DB8500 /* MyAdventure */;
		};
/* End PBXFileSystemSynchronizedBuildFileExceptionSet section */

/* Begin PBXFileSystemSynchronizedRootGroup section */
		5A696E922D5BE4E700DB8500 /* MyAdventure */ = {
			isa = PBXFileSystemSynchronizedRootGroup;
			exceptions = (
				5A696EB82D5BE4E800DB8500 /* Exceptions for "MyAdventure" folder in "MyAdventure" target */,
			);
			path = MyAdventure;
			sourceTree = "<group>";
		};
		5A696EA92D5BE4E800DB8500 /* MyAdventureTests */ = {
			isa = PBXFileSystemSynchronizedRootGroup;
			path = MyAdventureTests;
			sourceTree = "<group>";
		};
		5A696EB32D5BE4E800DB8500 /* MyAdventureUITests */ = {
			isa = PBXFileSystemSynchronizedRootGroup;
			path = MyAdventureUITests;
			sourceTree = "<group>";
		};
/* End PBXFileSystemSynchronizedRootGroup section */

/* Begin PBXFrameworksBuildPhase section */
		5A696E8D2D5BE4E700DB8500 /* Frameworks */ = {
			isa = PBXFrameworksBuildPhase;
			buildActionMask = 2147483647;
			files = (
			);
			runOnlyForDeploymentPostprocessing = 0;
		};
		5A696EA32D5BE4E800DB8500 /* Frameworks */ = {
			isa = PBXFrameworksBuildPhase;
			buildActionMask = 2147483647;
			files = (
			);
			runOnlyForDeploymentPostprocessing = 0;
		};
		5A696EAD2D5BE4E800DB8500 /* Frameworks */ = {
			isa = PBXFrameworksBuildPhase;
			buildActionMask = 2147483647;
			files = (
			);
			runOnlyForDeploymentPostprocessing = 0;
		};
/* End PBXFrameworksBuildPhase section */

/* Begin PBXGroup section */
		5A696E872D5BE4E700DB8500 = {
			isa = PBXGroup;
			children = (
				5A696E922D5BE4E700DB8500 /* MyAdventure */,
				5A696EA92D5BE4E800DB8500 /* MyAdventureTests */,
				5A696EB32D5BE4E800DB8500 /* MyAdventureUITests */,
				5A696E912D5BE4E700DB8500 /* Products */,
			);
			sourceTree = "<group>";
		};
		5A696E912D5BE4E700DB8500 /* Products */ = {
			isa = PBXGroup;
			children = (
				5A696E902D5BE4E700DB8500 /* MyAdventure.app */,
				5A696EA62D5BE4E800DB8500 /* MyAdventureTests.xctest */,
				5A696EB02D5BE4E800DB8500 /* MyAdventureUITests.xctest */,
			);
			name = Products;
			sourceTree = "<group>";
		};
/* End PBXGroup section */

/* Begin PBXNativeTarget section */
		5A696E8F2D5BE4E700DB8500 /* MyAdventure */ = {
			isa = PBXNativeTarget;
			buildConfigurationList = 5A696EB92D5BE4E800DB8500 /* Build configuration list for PBXNativeTarget "MyAdventure" */;
			buildPhases = (
				5A696E8C2D5BE4E700DB8500 /* Sources */,
				5A696E8D2D5BE4E700DB8500 /* Frameworks */,
				5A696E8E2D5BE4E700DB8500 /* Resources */,
			);
			buildRules = (
			);
			dependencies = (
			);
			fileSystemSynchronizedGroups = (
				5A696E922D5BE4E700DB8500 /* MyAdventure */,
			);
			name = MyAdventure;
			packageProductDependencies = (
			);
			productName = MyAdventure;
			productReference = 5A696E902D5BE4E700DB8500 /* MyAdventure.app */;
			productType = "com.apple.product-type.application";
		};
		5A696EA52D5BE4E800DB8500 /* MyAdventureTests */ = {
			isa = PBXNativeTarget;
			buildConfigurationList = 5A696EBE2D5BE4E800DB8500 /* Build configuration list for PBXNativeTarget "MyAdventureTests" */;
			buildPhases = (
				5A696EA22D5BE4E800DB8500 /* Sources */,
				5A696EA32D5BE4E800DB8500 /* Frameworks */,
				5A696EA42D5BE4E800DB8500 /* Resources */,
			);
			buildRules = (
			);
			dependencies = (
				5A696EA82D5BE4E800DB8500 /* PBXTargetDependency */,
			);
			fileSystemSynchronizedGroups = (
				5A696EA92D5BE4E800DB8500 /* MyAdventureTests */,
			);
			name = MyAdventureTests;
			packageProductDependencies = (
			);
			productName = MyAdventureTests;
			productReference = 5A696EA62D5BE4E800DB8500 /* MyAdventureTests.xctest */;
			productType = "com.apple.product-type.bundle.unit-test";
		};
		5A696EAF2D5BE4E800DB8500 /* MyAdventureUITests */ = {
			isa = PBXNativeTarget;
			buildConfigurationList = 5A696EC12D5BE4E800DB8500 /* Build configuration list for PBXNativeTarget "MyAdventureUITests" */;
			buildPhases = (
				5A696EAC2D5BE4E800DB8500 /* Sources */,
				5A696EAD2D5BE4E800DB8500 /* Frameworks */,
				5A696EAE2D5BE4E800DB8500 /* Resources */,
			);
			buildRules = (
			);
			dependencies = (
				5A696EB22D5BE4E800DB8500 /* PBXTargetDependency */,
			);
			fileSystemSynchronizedGroups = (
				5A696EB32D5BE4E800DB8500 /* MyAdventureUITests */,
			);
			name = MyAdventureUITests;
			packageProductDependencies = (
			);
			productName = MyAdventureUITests;
			productReference = 5A696EB02D5BE4E800DB8500 /* MyAdventureUITests.xctest */;
			productType = "com.apple.product-type.bundle.ui-testing";
		};
/* End PBXNativeTarget section */

/* Begin PBXProject section */
		5A696E882D5BE4E700DB8500 /* Project object */ = {
			isa = PBXProject;
			attributes = {
				BuildIndependentTargetsInParallel = 1;
				LastSwiftUpdateCheck = 1620;
				LastUpgradeCheck = 1620;
				TargetAttributes = {
					5A696E8F2D5BE4E700DB8500 = {
						CreatedOnToolsVersion = 16.2;
					};
					5A696EA52D5BE4E800DB8500 = {
						CreatedOnToolsVersion = 16.2;
						TestTargetID = 5A696E8F2D5BE4E700DB8500;
					};
					5A696EAF2D5BE4E800DB8500 = {
						CreatedOnToolsVersion = 16.2;
						TestTargetID = 5A696E8F2D5BE4E700DB8500;
					};
				};
			};
			buildConfigurationList = 5A696E8B2D5BE4E700DB8500 /* Build configuration list for PBXProject "MyAdventure" */;
			developmentRegion = en;
			hasScannedForEncodings = 0;
			knownRegions = (
				en,
				Base,
			);
			mainGroup = 5A696E872D5BE4E700DB8500;
			minimizedProjectReferenceProxies = 1;
			preferredProjectObjectVersion = 77;
			productRefGroup = 5A696E912D5BE4E700DB8500 /* Products */;
			projectDirPath = "";
			projectRoot = "";
			targets = (
				5A696E8F2D5BE4E700DB8500 /* MyAdventure */,
				5A696EA52D5BE4E800DB8500 /* MyAdventureTests */,
				5A696EAF2D5BE4E800DB8500 /* MyAdventureUITests */,
			);
		};
/* End PBXProject section */

/* Begin PBXResourcesBuildPhase section */
		5A696E8E2D5BE4E700DB8500 /* Resources */ = {
			isa = PBXResourcesBuildPhase;
			buildActionMask = 2147483647;
			files = (
			);
			runOnlyForDeploymentPostprocessing = 0;
		};
		5A696EA42D5BE4E800DB8500 /* Resources */ = {
			isa = PBXResourcesBuildPhase;
			buildActionMask = 2147483647;
			files = (
			);
			runOnlyForDeploymentPostprocessing = 0;
		};
		5A696EAE2D5BE4E800DB8500 /* Resources */ = {
			isa = PBXResourcesBuildPhase;
			buildActionMask = 2147483647;
			files = (
			);
			runOnlyForDeploymentPostprocessing = 0;
		};
/* End PBXResourcesBuildPhase section */

/* Begin PBXSourcesBuildPhase section */
		5A696E8C2D5BE4E700DB8500 /* Sources */ = {
			isa = PBXSourcesBuildPhase;
			buildActionMask = 2147483647;
			files = (
			);
			runOnlyForDeploymentPostprocessing = 0;
		};
		5A696EA22D5BE4E800DB8500 /* Sources */ = {
			isa = PBXSourcesBuildPhase;
			buildActionMask = 2147483647;
			files = (
			);
			runOnlyForDeploymentPostprocessing = 0;
		};
		5A696EAC2D5BE4E800DB8500 /* Sources */ = {
			isa = PBXSourcesBuildPhase;
			buildActionMask = 2147483647;
			files = (
			);
			runOnlyForDeploymentPostprocessing = 0;
		};
/* End PBXSourcesBuildPhase section */

/* Begin PBXTargetDependency section */
		5A696EA82D5BE4E800DB8500 /* PBXTargetDependency */ = {
			isa = PBXTargetDependency;
			target = 5A696E8F2D5BE4E700DB8500 /* MyAdventure */;
			targetProxy = 5A696EA72D5BE4E800DB8500 /* PBXContainerItemProxy */;
		};
		5A696EB22D5BE4E800DB8500 /* PBXTargetDependency */ = {
			isa = PBXTargetDependency;
			target = 5A696E8F2D5BE4E700DB8500 /* MyAdventure */;
			targetProxy = 5A696EB12D5BE4E800DB8500 /* PBXContainerItemProxy */;
		};
/* End PBXTargetDependency section */

/* Begin XCBuildConfiguration section */
		5A696EBA2D5BE4E800DB8500 /* Debug */ = {
			isa = XCBuildConfiguration;
			buildSettings = {
				ASSETCATALOG_COMPILER_APPICON_NAME = AppIcon;
				ASSETCATALOG_COMPILER_GLOBAL_ACCENT_COLOR_NAME = AccentColor;
				CODE_SIGN_STYLE = Automatic;
				CURRENT_PROJECT_VERSION = 1;
				GENERATE_INFOPLIST_FILE = YES;
				INFOPLIST_FILE = MyAdventure/Info.plist;
				INFOPLIST_KEY_UIApplicationSupportsIndirectInputEvents = YES;
				INFOPLIST_KEY_UILaunchStoryboardName = LaunchScreen;
				INFOPLIST_KEY_UIMainStoryboardFile = Main;
				INFOPLIST_KEY_UISupportedInterfaceOrientations_iPad = "UIInterfaceOrientationPortrait UIInterfaceOrientationPortraitUpsideDown UIInterfaceOrientationLandscapeLeft UIInterfaceOrientationLandscapeRight";
				INFOPLIST_KEY_UISupportedInterfaceOrientations_iPhone = "UIInterfaceOrientationPortrait UIInterfaceOrientationLandscapeLeft UIInterfaceOrientationLandscapeRight";
				LD_RUNPATH_SEARCH_PATHS = (
					"$(inherited)",
					"@executable_path/Frameworks",
				);
				MARKETING_VERSION = 1.0;
				PRODUCT_BUNDLE_IDENTIFIER = edu.auburn.onlinecsse.MyAdventure;
				PRODUCT_NAME = "$(TARGET_NAME)";
				SWIFT_EMIT_LOC_STRINGS = YES;
				SWIFT_VERSION = 5.0;
				TARGETED_DEVICE_FAMILY = "1,2";
			};
			name = Debug;
		};
		5A696EBB2D5BE4E800DB8500 /* Release */ = {
			isa = XCBuildConfiguration;
			buildSettings = {
				ASSETCATALOG_COMPILER_APPICON_NAME = AppIcon;
				ASSETCATALOG_COMPILER_GLOBAL_ACCENT_COLOR_NAME = AccentColor;
				CODE_SIGN_STYLE = Automatic;
				CURRENT_PROJECT_VERSION = 1;
				GENERATE_INFOPLIST_FILE = YES;
				INFOPLIST_FILE = MyAdventure/Info.plist;
				INFOPLIST_KEY_UIApplicationSupportsIndirectInputEvents = YES;
				INFOPLIST_KEY_UILaunchStoryboardName = LaunchScreen;
				INFOPLIST_KEY_UIMainStoryboardFile = Main;
				INFOPLIST_KEY_UISupportedInterfaceOrientations_iPad = "UIInterfaceOrientationPortrait UIInterfaceOrientationPortraitUpsideDown UIInterfaceOrientationLandscapeLeft UIInterfaceOrientationLandscapeRight";
				INFOPLIST_KEY_UISupportedInterfaceOrientations_iPhone = "UIInterfaceOrientationPortrait UIInterfaceOrientationLandscapeLeft UIInterfaceOrientationLandscapeRight";
				LD_RUNPATH_SEARCH_PATHS = (
					"$(inherited)",
					"@executable_path/Frameworks",
				);
				MARKETING_VERSION = 1.0;
				PRODUCT_BUNDLE_IDENTIFIER = edu.auburn.onlinecsse.MyAdventure;
				PRODUCT_NAME = "$(TARGET_NAME)";
				SWIFT_EMIT_LOC_STRINGS = YES;
				SWIFT_VERSION = 5.0;
				TARGETED_DEVICE_FAMILY = "1,2";
			};
			name = Release;
		};
		5A696EBC2D5BE4E800DB8500 /* Debug */ = {
			isa = XCBuildConfiguration;
			buildSettings = {
				ALWAYS_SEARCH_USER_PATHS = NO;
				ASSETCATALOG_COMPILER_GENERATE_SWIFT_ASSET_SYMBOL_EXTENSIONS = YES;
				CLANG_ANALYZER_NONNULL = YES;
				CLANG_ANALYZER_NUMBER_OBJECT_CONVERSION = YES_AGGRESSIVE;
				CLANG_CXX_LANGUAGE_STANDARD = "gnu++20";
				CLANG_ENABLE_MODULES = YES;
				CLANG_ENABLE_OBJC_ARC = YES;
				CLANG_ENABLE_OBJC_WEAK = YES;
				CLANG_WARN_BLOCK_CAPTURE_AUTORELEASING = YES;
				CLANG_WARN_BOOL_CONVERSION = YES;
				CLANG_WARN_COMMA = YES;
				CLANG_WARN_CONSTANT_CONVERSION = YES;
				CLANG_WARN_DEPRECATED_OBJC_IMPLEMENTATIONS = YES;
				CLANG_WARN_DIRECT_OBJC_ISA_USAGE = YES_ERROR;
				CLANG_WARN_DOCUMENTATION_COMMENTS = YES;
				CLANG_WARN_EMPTY_BODY = YES;
				CLANG_WARN_ENUM_CONVERSION = YES;
				CLANG_WARN_INFINITE_RECURSION = YES;
				CLANG_WARN_INT_CONVERSION = YES;
				CLANG_WARN_NON_LITERAL_NULL_CONVERSION = YES;
				CLANG_WARN_OBJC_IMPLICIT_RETAIN_SELF = YES;
				CLANG_WARN_OBJC_LITERAL_CONVERSION = YES;
				CLANG_WARN_OBJC_ROOT_CLASS = YES_ERROR;
				CLANG_WARN_QUOTED_INCLUDE_IN_FRAMEWORK_HEADER = YES;
				CLANG_WARN_RANGE_LOOP_ANALYSIS = YES;
				CLANG_WARN_STRICT_PROTOTYPES = YES;
				CLANG_WARN_SUSPICIOUS_MOVE = YES;
				CLANG_WARN_UNGUARDED_AVAILABILITY = YES_AGGRESSIVE;
				CLANG_WARN_UNREACHABLE_CODE = YES;
				CLANG_WARN__DUPLICATE_METHOD_MATCH = YES;
				COPY_PHASE_STRIP = NO;
				DEBUG_INFORMATION_FORMAT = dwarf;
				ENABLE_STRICT_OBJC_MSGSEND = YES;
				ENABLE_TESTABILITY = YES;
				ENABLE_USER_SCRIPT_SANDBOXING = YES;
				GCC_C_LANGUAGE_STANDARD = gnu17;
				GCC_DYNAMIC_NO_PIC = NO;
				GCC_NO_COMMON_BLOCKS = YES;
				GCC_OPTIMIZATION_LEVEL = 0;
				GCC_PREPROCESSOR_DEFINITIONS = (
					"DEBUG=1",
					"$(inherited)",
				);
				GCC_WARN_64_TO_32_BIT_CONVERSION = YES;
				GCC_WARN_ABOUT_RETURN_TYPE = YES_ERROR;
				GCC_WARN_UNDECLARED_SELECTOR = YES;
				GCC_WARN_UNINITIALIZED_AUTOS = YES_AGGRESSIVE;
				GCC_WARN_UNUSED_FUNCTION = YES;
				GCC_WARN_UNUSED_VARIABLE = YES;
				IPHONEOS_DEPLOYMENT_TARGET = 18.2;
				LOCALIZATION_PREFERS_STRING_CATALOGS = YES;
				MTL_ENABLE_DEBUG_INFO = INCLUDE_SOURCE;
				MTL_FAST_MATH = YES;
				ONLY_ACTIVE_ARCH = YES;
				SDKROOT = iphoneos;
				SWIFT_ACTIVE_COMPILATION_CONDITIONS = "DEBUG $(inherited)";
				SWIFT_OPTIMIZATION_LEVEL = "-Onone";
			};
			name = Debug;
		};
		5A696EBD2D5BE4E800DB8500 /* Release */ = {
			isa = XCBuildConfiguration;
			buildSettings = {
				ALWAYS_SEARCH_USER_PATHS = NO;
				ASSETCATALOG_COMPILER_GENERATE_SWIFT_ASSET_SYMBOL_EXTENSIONS = YES;
				CLANG_ANALYZER_NONNULL = YES;
				CLANG_ANALYZER_NUMBER_OBJECT_CONVERSION = YES_AGGRESSIVE;
				CLANG_CXX_LANGUAGE_STANDARD = "gnu++20";
				CLANG_ENABLE_MODULES = YES;
				CLANG_ENABLE_OBJC_ARC = YES;
				CLANG_ENABLE_OBJC_WEAK = YES;
				CLANG_WARN_BLOCK_CAPTURE_AUTORELEASING = YES;
				CLANG_WARN_BOOL_CONVERSION = YES;
				CLANG_WARN_COMMA = YES;
				CLANG_WARN_CONSTANT_CONVERSION = YES;
				CLANG_WARN_DEPRECATED_OBJC_IMPLEMENTATIONS = YES;
				CLANG_WARN_DIRECT_OBJC_ISA_USAGE = YES_ERROR;
				CLANG_WARN_DOCUMENTATION_COMMENTS = YES;
				CLANG_WARN_EMPTY_BODY = YES;
				CLANG_WARN_ENUM_CONVERSION = YES;
				CLANG_WARN_INFINITE_RECURSION = YES;
				CLANG_WARN_INT_CONVERSION = YES;
				CLANG_WARN_NON_LITERAL_NULL_CONVERSION = YES;
				CLANG_WARN_OBJC_IMPLICIT_RETAIN_SELF = YES;
				CLANG_WARN_OBJC_LITERAL_CONVERSION = YES;
				CLANG_WARN_OBJC_ROOT_CLASS = YES_ERROR;
				CLANG_WARN_QUOTED_INCLUDE_IN_FRAMEWORK_HEADER = YES;
				CLANG_WARN_RANGE_LOOP_ANALYSIS = YES;
				CLANG_WARN_STRICT_PROTOTYPES = YES;
				CLANG_WARN_SUSPICIOUS_MOVE = YES;
				CLANG_WARN_UNGUARDED_AVAILABILITY = YES_AGGRESSIVE;
				CLANG_WARN_UNREACHABLE_CODE = YES;
				CLANG_WARN__DUPLICATE_METHOD_MATCH = YES;
				COPY_PHASE_STRIP = NO;
				DEBUG_INFORMATION_FORMAT = "dwarf-with-dsym";
				ENABLE_NS_ASSERTIONS = NO;
				ENABLE_STRICT_OBJC_MSGSEND = YES;
				ENABLE_USER_SCRIPT_SANDBOXING = YES;
				GCC_C_LANGUAGE_STANDARD = gnu17;
				GCC_NO_COMMON_BLOCKS = YES;
				GCC_WARN_64_TO_32_BIT_CONVERSION = YES;
				GCC_WARN_ABOUT_RETURN_TYPE = YES_ERROR;
				GCC_WARN_UNDECLARED_SELECTOR = YES;
				GCC_WARN_UNINITIALIZED_AUTOS = YES_AGGRESSIVE;
				GCC_WARN_UNUSED_FUNCTION = YES;
				GCC_WARN_UNUSED_VARIABLE = YES;
				IPHONEOS_DEPLOYMENT_TARGET = 18.2;
				LOCALIZATION_PREFERS_STRING_CATALOGS = YES;
				MTL_ENABLE_DEBUG_INFO = NO;
				MTL_FAST_MATH = YES;
				SDKROOT = iphoneos;
				SWIFT_COMPILATION_MODE = wholemodule;
				VALIDATE_PRODUCT = YES;
			};
			name = Release;
		};
		5A696EBF2D5BE4E800DB8500 /* Debug */ = {
			isa = XCBuildConfiguration;
			buildSettings = {
				BUNDLE_LOADER = "$(TEST_HOST)";
				CODE_SIGN_STYLE = Automatic;
				CURRENT_PROJECT_VERSION = 1;
				GENERATE_INFOPLIST_FILE = YES;
				IPHONEOS_DEPLOYMENT_TARGET = 18.2;
				MARKETING_VERSION = 1.0;
				PRODUCT_BUNDLE_IDENTIFIER = edu.auburn.onlinecsse.MyAdventureTests;
				PRODUCT_NAME = "$(TARGET_NAME)";
				SWIFT_EMIT_LOC_STRINGS = NO;
				SWIFT_VERSION = 5.0;
				TARGETED_DEVICE_FAMILY = "1,2";
				TEST_HOST = "$(BUILT_PRODUCTS_DIR)/MyAdventure.app/$(BUNDLE_EXECUTABLE_FOLDER_PATH)/MyAdventure";
			};
			name = Debug;
		};
		5A696EC02D5BE4E800DB8500 /* Release */ = {
			isa = XCBuildConfiguration;
			buildSettings = {
				BUNDLE_LOADER = "$(TEST_HOST)";
				CODE_SIGN_STYLE = Automatic;
				CURRENT_PROJECT_VERSION = 1;
				GENERATE_INFOPLIST_FILE = YES;
				IPHONEOS_DEPLOYMENT_TARGET = 18.2;
				MARKETING_VERSION = 1.0;
				PRODUCT_BUNDLE_IDENTIFIER = edu.auburn.onlinecsse.MyAdventureTests;
				PRODUCT_NAME = "$(TARGET_NAME)";
				SWIFT_EMIT_LOC_STRINGS = NO;
				SWIFT_VERSION = 5.0;
				TARGETED_DEVICE_FAMILY = "1,2";
				TEST_HOST = "$(BUILT_PRODUCTS_DIR)/MyAdventure.app/$(BUNDLE_EXECUTABLE_FOLDER_PATH)/MyAdventure";
			};
			name = Release;
		};
		5A696EC22D5BE4E800DB8500 /* Debug */ = {
			isa = XCBuildConfiguration;
			buildSettings = {
				CODE_SIGN_STYLE = Automatic;
				CURRENT_PROJECT_VERSION = 1;
				GENERATE_INFOPLIST_FILE = YES;
				MARKETING_VERSION = 1.0;
				PRODUCT_BUNDLE_IDENTIFIER = edu.auburn.onlinecsse.MyAdventureUITests;
				PRODUCT_NAME = "$(TARGET_NAME)";
				SWIFT_EMIT_LOC_STRINGS = NO;
				SWIFT_VERSION = 5.0;
				TARGETED_DEVICE_FAMILY = "1,2";
				TEST_TARGET_NAME = MyAdventure;
			};
			name = Debug;
		};
		5A696EC32D5BE4E800DB8500 /* Release */ = {
			isa = XCBuildConfiguration;
			buildSettings = {
				CODE_SIGN_STYLE = Automatic;
				CURRENT_PROJECT_VERSION = 1;
				GENERATE_INFOPLIST_FILE = YES;
				MARKETING_VERSION = 1.0;
				PRODUCT_BUNDLE_IDENTIFIER = edu.auburn.onlinecsse.MyAdventureUITests;
				PRODUCT_NAME = "$(TARGET_NAME)";
				SWIFT_EMIT_LOC_STRINGS = NO;
				SWIFT_VERSION = 5.0;
				TARGETED_DEVICE_FAMILY = "1,2";
				TEST_TARGET_NAME = MyAdventure;
			};
			name = Release;
		};
/* End XCBuildConfiguration section */

/* Begin XCConfigurationList section */
		5A696E8B2D5BE4E700DB8500 /* Build configuration list for PBXProject "MyAdventure" */ = {
			isa = XCConfigurationList;
			buildConfigurations = (
				5A696EBC2D5BE4E800DB8500 /* Debug */,
				5A696EBD2D5BE4E800DB8500 /* Release */,
			);
			defaultConfigurationIsVisible = 0;
			defaultConfigurationName = Release;
		};
		5A696EB92D5BE4E800DB8500 /* Build configuration list for PBXNativeTarget "MyAdventure" */ = {
			isa = XCConfigurationList;
			buildConfigurations = (
				5A696EBA2D5BE4E800DB8500 /* Debug */,
				5A696EBB2D5BE4E800DB8500 /* Release */,
			);
			defaultConfigurationIsVisible = 0;
			defaultConfigurationName = Release;
		};
		5A696EBE2D5BE4E800DB8500 /* Build configuration list for PBXNativeTarget "MyAdventureTests" */ = {
			isa = XCConfigurationList;
			buildConfigurations = (
				5A696EBF2D5BE4E800DB8500 /* Debug */,
				5A696EC02D5BE4E800DB8500 /* Release */,
			);
			defaultConfigurationIsVisible = 0;
			defaultConfigurationName = Release;
		};
		5A696EC12D5BE4E800DB8500 /* Build configuration list for PBXNativeTarget "MyAdventureUITests" */ = {
			isa = XCConfigurationList;
			buildConfigurations = (
				5A696EC22D5BE4E800DB8500 /* Debug */,
				5A696EC32D5BE4E800DB8500 /* Release */,
			);
			defaultConfigurationIsVisible = 0;
			defaultConfigurationName = Release;
		};
/* End XCConfigurationList section */
	};
	rootObject = 5A696E882D5BE4E700DB8500 /* Project object */;
}
